
Microsoft Visual Studio Solution File, Format Version 12.00
# Visual Studio 2013
VisualStudioVersion = 12.0.21005.1
MinimumVisualStudioVersion = 10.0.40219.1
Project("{E24C65DC-7377-472B-9ABA-BC803B73C61A}") = "PatientPortal.Web", "PatientPortal.Web", "{83CA46AB-B607-40C5-ABCE-4F6C8545733D}"
	ProjectSection(WebsiteProperties) = preProject
		SccProjectName = "SAK"
		SccAuxPath = "SAK"
		SccLocalPath = "SAK"
		SccProvider = "SAK"
		TargetFrameworkMoniker = ".NETFramework,Version%3Dv4.5.1"
		ProjectReferences = "{43785FE3-D609-48C2-9CA6-A7231CF8F5B4}|PatientPortal.Utility.dll;"
		Debug.AspNetCompiler.VirtualPath = "/PatientPortal.Web"
		Debug.AspNetCompiler.PhysicalPath = "PatientPortal.Web\"
		Debug.AspNetCompiler.TargetPath = "PrecompiledWeb\PatientPortal.Web\"
		Debug.AspNetCompiler.Updateable = "true"
		Debug.AspNetCompiler.ForceOverwrite = "true"
		Debug.AspNetCompiler.FixedNames = "false"
		Debug.AspNetCompiler.Debug = "True"
		Release.AspNetCompiler.VirtualPath = "/PatientPortal.Web"
		Release.AspNetCompiler.PhysicalPath = "PatientPortal.Web\"
		Release.AspNetCompiler.TargetPath = "PrecompiledWeb\PatientPortal.Web\"
		Release.AspNetCompiler.Updateable = "true"
		Release.AspNetCompiler.ForceOverwrite = "true"
		Release.AspNetCompiler.FixedNames = "false"
		Release.AspNetCompiler.Debug = "False"
		VWDPort = "2733"
		VWDDynamicPort = "false"
		VWDVirtualPath = "/"
		SlnRelativePath = "PatientPortal.Web\"
	EndProjectSection
EndProject
Project("{E24C65DC-7377-472B-9ABA-BC803B73C61A}") = "PatientPortal.Public", "PatientPortal.Public", "{E24F1121-0409-4071-9EB0-44A778B2F755}"
	ProjectSection(WebsiteProperties) = preProject
		SccProjectName = "SAK"
		SccAuxPath = "SAK"
		SccLocalPath = "SAK"
		SccProvider = "SAK"
		TargetFrameworkMoniker = ".NETFramework,Version%3Dv4.5.1"
		ProjectReferences = "{43785FE3-D609-48C2-9CA6-A7231CF8F5B4}|PatientPortal.Utility.dll;"
		Debug.AspNetCompiler.VirtualPath = "/PatientPortal.Public"
		Debug.AspNetCompiler.PhysicalPath = "PatientPortal.Public\"
		Debug.AspNetCompiler.TargetPath = "PrecompiledWeb\PatientPortal.Public\"
		Debug.AspNetCompiler.Updateable = "true"
		Debug.AspNetCompiler.ForceOverwrite = "true"
		Debug.AspNetCompiler.FixedNames = "false"
		Debug.AspNetCompiler.Debug = "True"
		Release.AspNetCompiler.VirtualPath = "/PatientPortal.Public"
		Release.AspNetCompiler.PhysicalPath = "PatientPortal.Public\"
		Release.AspNetCompiler.TargetPath = "PrecompiledWeb\PatientPortal.Public\"
		Release.AspNetCompiler.Updateable = "true"
		Release.AspNetCompiler.ForceOverwrite = "true"
		Release.AspNetCompiler.FixedNames = "false"
		Release.AspNetCompiler.Debug = "False"
		VWDPort = "10116"
		VWDDynamicPort = "false"
		VWDVirtualPath = "/"
		SlnRelativePath = "PatientPortal.Public\"
		DefaultWebSiteLanguage = "Visual C#"
	EndProjectSection
EndProject
Project("{FAE04EC0-301F-11D3-BF4B-00C04F79EFBC}") = "PatientPortal.Service", "PatientPortal.Service\PatientPortal.Service.csproj", "{5742083B-6E2E-4C50-9F59-6A6F6061A954}"
EndProject
Project("{FAE04EC0-301F-11D3-BF4B-00C04F79EFBC}") = "PatientPortal.Utility", "PatientPortal.Utility\PatientPortal.Utility.csproj", "{43785FE3-D609-48C2-9CA6-A7231CF8F5B4}"
EndProject
Project("{FAE04EC0-301F-11D3-BF4B-00C04F79EFBC}") = "PatientPortal.Mobile", "PatientPortal.Mobile\PatientPortal.Mobile.csproj", "{8BB9EAB2-6D64-4278-A043-3CC82F0E42E0}"
EndProject
Project("{E24C65DC-7377-472B-9ABA-BC803B73C61A}") = "PatientPortal.Web2", "http://localhost:18593", "{269B003A-FD89-488F-A8A0-B3F4D6F35128}"
	ProjectSection(WebsiteProperties) = preProject
		SccProjectName = "SAK"
		SccAuxPath = "SAK"
		SccLocalPath = "SAK"
		SccProvider = "SAK"
		UseIISExpress = "true"
		TargetFrameworkMoniker = ".NETFramework,Version%3Dv4.5.1"
		Debug.AspNetCompiler.VirtualPath = "/localhost_18593"
		Debug.AspNetCompiler.PhysicalPath = "PatientPortal.Web2\"
		Debug.AspNetCompiler.TargetPath = "PrecompiledWeb\localhost_18593\"
		Debug.AspNetCompiler.Updateable = "true"
		Debug.AspNetCompiler.ForceOverwrite = "true"
		Debug.AspNetCompiler.FixedNames = "false"
		Debug.AspNetCompiler.Debug = "True"
		Release.AspNetCompiler.VirtualPath = "/localhost_18593"
		Release.AspNetCompiler.PhysicalPath = "PatientPortal.Web2\"
		Release.AspNetCompiler.TargetPath = "PrecompiledWeb\localhost_18593\"
		Release.AspNetCompiler.Updateable = "true"
		Release.AspNetCompiler.ForceOverwrite = "true"
		Release.AspNetCompiler.FixedNames = "false"
		Release.AspNetCompiler.Debug = "False"
		SlnRelativePath = "PatientPortal.Web2\"
	EndProjectSection
EndProject
Project("{E24C65DC-7377-472B-9ABA-BC803B73C61A}") = "PatientPortal.Survey", "http://localhost:57390", "{2750C8B3-7C8D-4983-82AB-4BA34F5C7E0C}"
	ProjectSection(WebsiteProperties) = preProject
		SccProjectName = "SAK"
		SccAuxPath = "SAK"
		SccLocalPath = "SAK"
		SccProvider = "SAK"
		UseIISExpress = "true"
		TargetFrameworkMoniker = ".NETFramework,Version%3Dv4.5"
		Debug.AspNetCompiler.VirtualPath = "/localhost_57390"
		Debug.AspNetCompiler.PhysicalPath = "PatientPortal.Survey\"
		Debug.AspNetCompiler.TargetPath = "PrecompiledWeb\localhost_57390\"
		Debug.AspNetCompiler.Updateable = "true"
		Debug.AspNetCompiler.ForceOverwrite = "true"
		Debug.AspNetCompiler.FixedNames = "false"
		Debug.AspNetCompiler.Debug = "True"
		Release.AspNetCompiler.VirtualPath = "/localhost_57390"
		Release.AspNetCompiler.PhysicalPath = "PatientPortal.Survey\"
		Release.AspNetCompiler.TargetPath = "PrecompiledWeb\localhost_57390\"
		Release.AspNetCompiler.Updateable = "true"
		Release.AspNetCompiler.ForceOverwrite = "true"
		Release.AspNetCompiler.FixedNames = "false"
		Release.AspNetCompiler.Debug = "False"
		SlnRelativePath = "PatientPortal.Survey\"
	EndProjectSection
EndProject
Global
	GlobalSection(TeamFoundationVersionControl) = preSolution
		SccNumberOfProjects = 8
		SccEnterpriseProvider = {4CA58AB2-18FA-4F8D-95D4-32DDF27D184C}
		SccTeamFoundationServer = https://tfs.itmobility.com:8088/tfs/cbprm
		SccLocalPath0 = .
		SccWebProject1 = true
		SccProjectUniqueName1 = PatientPortal.Public
		SccProjectName1 = PatientPortal.Public
		SccLocalPath1 = PatientPortal.Public
		SccProjectEnlistmentChoice1 = 2
		SccProjectUniqueName2 = PatientPortal.Service\\PatientPortal.Service.csproj
		SccProjectName2 = PatientPortal.Service
		SccLocalPath2 = PatientPortal.Service
		SccWebProject3 = true
		SccProjectUniqueName3 = PatientPortal.Web
		SccProjectName3 = PatientPortal.Web
		SccLocalPath3 = PatientPortal.Web
		SccProjectEnlistmentChoice3 = 2
		SccProjectUniqueName4 = PatientPortal.Utility\\PatientPortal.Utility.csproj
		SccProjectName4 = PatientPortal.Utility
		SccLocalPath4 = PatientPortal.Utility
		SccProjectUniqueName5 = PatientPortal.Mobile\\PatientPortal.Mobile.csproj
		SccProjectName5 = PatientPortal.Mobile
		SccLocalPath5 = PatientPortal.Mobile
		SccWebProject6 = true
		SccProjectUniqueName6 = http://localhost:18593
		SccProjectName6 = PatientPortal.Web2
		SccLocalPath6 = PatientPortal.Web2
		SccProjectEnlistmentChoice6 = 2
		SccWebProject7 = true
		SccProjectUniqueName7 = http://localhost:57390
		SccProjectName7 = PatientPortal.Survey
		SccLocalPath7 = PatientPortal.Survey
		SccProjectEnlistmentChoice7 = 2
	EndGlobalSection
	GlobalSection(SolutionConfigurationPlatforms) = preSolution
		Debug|Any CPU = Debug|Any CPU
		Debug|Mixed Platforms = Debug|Mixed Platforms
		Debug|x86 = Debug|x86
		Release|Any CPU = Release|Any CPU
		Release|Mixed Platforms = Release|Mixed Platforms
		Release|x86 = Release|x86
	EndGlobalSection
	GlobalSection(ProjectConfigurationPlatforms) = postSolution
		{83CA46AB-B607-40C5-ABCE-4F6C8545733D}.Debug|Any CPU.ActiveCfg = Debug|Any CPU
		{83CA46AB-B607-40C5-ABCE-4F6C8545733D}.Debug|Any CPU.Build.0 = Debug|Any CPU
		{83CA46AB-B607-40C5-ABCE-4F6C8545733D}.Debug|Mixed Platforms.ActiveCfg = Debug|Any CPU
		{83CA46AB-B607-40C5-ABCE-4F6C8545733D}.Debug|Mixed Platforms.Build.0 = Debug|Any CPU
		{83CA46AB-B607-40C5-ABCE-4F6C8545733D}.Debug|x86.ActiveCfg = Debug|Any CPU
		{83CA46AB-B607-40C5-ABCE-4F6C8545733D}.Release|Any CPU.ActiveCfg = Debug|Any CPU
		{83CA46AB-B607-40C5-ABCE-4F6C8545733D}.Release|Any CPU.Build.0 = Debug|Any CPU
		{83CA46AB-B607-40C5-ABCE-4F6C8545733D}.Release|Mixed Platforms.ActiveCfg = Debug|Any CPU
		{83CA46AB-B607-40C5-ABCE-4F6C8545733D}.Release|Mixed Platforms.Build.0 = Debug|Any CPU
		{83CA46AB-B607-40C5-ABCE-4F6C8545733D}.Release|x86.ActiveCfg = Debug|Any CPU
		{E24F1121-0409-4071-9EB0-44A778B2F755}.Debug|Any CPU.ActiveCfg = Debug|Any CPU
		{E24F1121-0409-4071-9EB0-44A778B2F755}.Debug|Any CPU.Build.0 = Debug|Any CPU
		{E24F1121-0409-4071-9EB0-44A778B2F755}.Debug|Mixed Platforms.ActiveCfg = Debug|Any CPU
		{E24F1121-0409-4071-9EB0-44A778B2F755}.Debug|Mixed Platforms.Build.0 = Debug|Any CPU
		{E24F1121-0409-4071-9EB0-44A778B2F755}.Debug|Mixed Platforms.Deploy.0 = Debug|Any CPU
		{E24F1121-0409-4071-9EB0-44A778B2F755}.Debug|x86.ActiveCfg = Debug|Any CPU
		{E24F1121-0409-4071-9EB0-44A778B2F755}.Release|Any CPU.ActiveCfg = Debug|Any CPU
		{E24F1121-0409-4071-9EB0-44A778B2F755}.Release|Any CPU.Build.0 = Debug|Any CPU
		{E24F1121-0409-4071-9EB0-44A778B2F755}.Release|Mixed Platforms.ActiveCfg = Debug|Any CPU
		{E24F1121-0409-4071-9EB0-44A778B2F755}.Release|Mixed Platforms.Build.0 = Debug|Any CPU
		{E24F1121-0409-4071-9EB0-44A778B2F755}.Release|Mixed Platforms.Deploy.0 = Debug|Any CPU
		{E24F1121-0409-4071-9EB0-44A778B2F755}.Release|x86.ActiveCfg = Debug|Any CPU
		{5742083B-6E2E-4C50-9F59-6A6F6061A954}.Debug|Any CPU.ActiveCfg = Debug|x86
		{5742083B-6E2E-4C50-9F59-6A6F6061A954}.Debug|Mixed Platforms.ActiveCfg = Debug|x86
		{5742083B-6E2E-4C50-9F59-6A6F6061A954}.Debug|Mixed Platforms.Build.0 = Debug|x86
		{5742083B-6E2E-4C50-9F59-6A6F6061A954}.Debug|x86.ActiveCfg = Debug|x86
		{5742083B-6E2E-4C50-9F59-6A6F6061A954}.Debug|x86.Build.0 = Debug|x86
		{5742083B-6E2E-4C50-9F59-6A6F6061A954}.Release|Any CPU.ActiveCfg = Release|x86
		{5742083B-6E2E-4C50-9F59-6A6F6061A954}.Release|Mixed Platforms.ActiveCfg = Release|x86
		{5742083B-6E2E-4C50-9F59-6A6F6061A954}.Release|Mixed Platforms.Build.0 = Release|x86
		{5742083B-6E2E-4C50-9F59-6A6F6061A954}.Release|x86.ActiveCfg = Release|x86
		{5742083B-6E2E-4C50-9F59-6A6F6061A954}.Release|x86.Build.0 = Release|x86
		{43785FE3-D609-48C2-9CA6-A7231CF8F5B4}.Debug|Any CPU.ActiveCfg = Debug|Any CPU
		{43785FE3-D609-48C2-9CA6-A7231CF8F5B4}.Debug|Any CPU.Build.0 = Debug|Any CPU
		{43785FE3-D609-48C2-9CA6-A7231CF8F5B4}.Debug|Mixed Platforms.ActiveCfg = Debug|Any CPU
		{43785FE3-D609-48C2-9CA6-A7231CF8F5B4}.Debug|Mixed Platforms.Build.0 = Debug|Any CPU
		{43785FE3-D609-48C2-9CA6-A7231CF8F5B4}.Debug|x86.ActiveCfg = Debug|Any CPU
		{43785FE3-D609-48C2-9CA6-A7231CF8F5B4}.Release|Any CPU.ActiveCfg = Release|Any CPU
		{43785FE3-D609-48C2-9CA6-A7231CF8F5B4}.Release|Any CPU.Build.0 = Release|Any CPU
		{43785FE3-D609-48C2-9CA6-A7231CF8F5B4}.Release|Mixed Platforms.ActiveCfg = Release|Any CPU
		{43785FE3-D609-48C2-9CA6-A7231CF8F5B4}.Release|Mixed Platforms.Build.0 = Release|Any CPU
		{43785FE3-D609-48C2-9CA6-A7231CF8F5B4}.Release|x86.ActiveCfg = Release|Any CPU
		{8BB9EAB2-6D64-4278-A043-3CC82F0E42E0}.Debug|Any CPU.ActiveCfg = Debug|Any CPU
		{8BB9EAB2-6D64-4278-A043-3CC82F0E42E0}.Debug|Any CPU.Build.0 = Debug|Any CPU
		{8BB9EAB2-6D64-4278-A043-3CC82F0E42E0}.Debug|Mixed Platforms.ActiveCfg = Debug|Any CPU
		{8BB9EAB2-6D64-4278-A043-3CC82F0E42E0}.Debug|Mixed Platforms.Build.0 = Debug|Any CPU
		{8BB9EAB2-6D64-4278-A043-3CC82F0E42E0}.Debug|x86.ActiveCfg = Debug|Any CPU
		{8BB9EAB2-6D64-4278-A043-3CC82F0E42E0}.Release|Any CPU.ActiveCfg = Release|Any CPU
		{8BB9EAB2-6D64-4278-A043-3CC82F0E42E0}.Release|Any CPU.Build.0 = Release|Any CPU
		{8BB9EAB2-6D64-4278-A043-3CC82F0E42E0}.Release|Mixed Platforms.ActiveCfg = Release|Any CPU
		{8BB9EAB2-6D64-4278-A043-3CC82F0E42E0}.Release|Mixed Platforms.Build.0 = Release|Any CPU
		{8BB9EAB2-6D64-4278-A043-3CC82F0E42E0}.Release|x86.ActiveCfg = Release|Any CPU
		{269B003A-FD89-488F-A8A0-B3F4D6F35128}.Debug|Any CPU.ActiveCfg = Debug|Any CPU
		{269B003A-FD89-488F-A8A0-B3F4D6F35128}.Debug|Any CPU.Build.0 = Debug|Any CPU
		{269B003A-FD89-488F-A8A0-B3F4D6F35128}.Debug|Mixed Platforms.ActiveCfg = Debug|Any CPU
		{269B003A-FD89-488F-A8A0-B3F4D6F35128}.Debug|Mixed Platforms.Build.0 = Debug|Any CPU
		{269B003A-FD89-488F-A8A0-B3F4D6F35128}.Debug|x86.ActiveCfg = Debug|Any CPU
		{269B003A-FD89-488F-A8A0-B3F4D6F35128}.Release|Any CPU.ActiveCfg = Debug|Any CPU
		{269B003A-FD89-488F-A8A0-B3F4D6F35128}.Release|Any CPU.Build.0 = Debug|Any CPU
		{269B003A-FD89-488F-A8A0-B3F4D6F35128}.Release|Mixed Platforms.ActiveCfg = Debug|Any CPU
		{269B003A-FD89-488F-A8A0-B3F4D6F35128}.Release|Mixed Platforms.Build.0 = Debug|Any CPU
		{269B003A-FD89-488F-A8A0-B3F4D6F35128}.Release|x86.ActiveCfg = Debug|Any CPU
		{2750C8B3-7C8D-4983-82AB-4BA34F5C7E0C}.Debug|Any CPU.ActiveCfg = Debug|Any CPU
		{2750C8B3-7C8D-4983-82AB-4BA34F5C7E0C}.Debug|Any CPU.Build.0 = Debug|Any CPU
		{2750C8B3-7C8D-4983-82AB-4BA34F5C7E0C}.Debug|Mixed Platforms.ActiveCfg = Debug|Any CPU
		{2750C8B3-7C8D-4983-82AB-4BA34F5C7E0C}.Debug|Mixed Platforms.Build.0 = Debug|Any CPU
		{2750C8B3-7C8D-4983-82AB-4BA34F5C7E0C}.Debug|x86.ActiveCfg = Debug|Any CPU
		{2750C8B3-7C8D-4983-82AB-4BA34F5C7E0C}.Release|Any CPU.ActiveCfg = Debug|Any CPU
		{2750C8B3-7C8D-4983-82AB-4BA34F5C7E0C}.Release|Any CPU.Build.0 = Debug|Any CPU
		{2750C8B3-7C8D-4983-82AB-4BA34F5C7E0C}.Release|Mixed Platforms.ActiveCfg = Debug|Any CPU
		{2750C8B3-7C8D-4983-82AB-4BA34F5C7E0C}.Release|Mixed Platforms.Build.0 = Debug|Any CPU
		{2750C8B3-7C8D-4983-82AB-4BA34F5C7E0C}.Release|x86.ActiveCfg = Debug|Any CPU
	EndGlobalSection
	GlobalSection(SolutionProperties) = preSolution
		HideSolutionNode = FALSE
	EndGlobalSection
EndGlobal
